<?xml version="1.0" encoding="utf-8"?>
<Project ToolsVersion="4.0" xmlns="http://schemas.microsoft.com/developer/msbuild/2003">
  <ItemGroup>
    <Filter Include="Header Files">
      <UniqueIdentifier>{93995380-89BD-4b04-88EB-625FBE52EBFB}</UniqueIdentifier>
      <Extensions>h;hh;hpp;hxx;hm;inl;inc;xsd</Extensions>
    </Filter>
    <Filter Include="Source Files">
      <UniqueIdentifier>{4FC737F1-C7A5-4376-A066-2A32D752A2FF}</UniqueIdentifier>
      <Extensions>cpp;c;cc;cxx;def;odl;idl;hpj;bat;asm;asmx</Extensions>
    </Filter>
  </ItemGroup>
  <ItemGroup>
    <XtensaHItem Include="include\user_config.h">
      <Filter>Header Files</Filter>
    </XtensaHItem>
    <XtensaHItem Include="include\calculator.h">
      <Filter>Header Files</Filter>
    </XtensaHItem>
    <XtensaHItem Include="include\cJSON.h">
      <Filter>Header Files</Filter>
    </XtensaHItem>
    <XtensaHItem Include="include\configuration.h">
      <Filter>Header Files</Filter>
    </XtensaHItem>
    <XtensaHItem Include="include\espmissingincludes.h">
      <Filter>Header Files</Filter>
    </XtensaHItem>
    <XtensaHItem Include="include\httpclient.h">
      <Filter>Header Files</Filter>
    </XtensaHItem>
    <XtensaHItem Include="include\io.h">
      <Filter>Header Files</Filter>
    </XtensaHItem>
    <XtensaHItem Include="include\log.h">
      <Filter>Header Files</Filter>
    </XtensaHItem>
    <XtensaHItem Include="include\posting.h">
      <Filter>Header Files</Filter>
    </XtensaHItem>
    <XtensaHItem Include="include\powermanagement.h">
      <Filter>Header Files</Filter>
    </XtensaHItem>
    <XtensaHItem Include="include\stdout.h">
      <Filter>Header Files</Filter>
    </XtensaHItem>
    <XtensaHItem Include="include\uart_hw.h">
      <Filter>Header Files</Filter>
    </XtensaHItem>
    <XtensaHItem Include="include\ultrasonicmeter.h">
      <Filter>Header Files</Filter>
    </XtensaHItem>
    <XtensaHItem Include="include\debug.h">
      <Filter>Header Files</Filter>
    </XtensaHItem>
    <XtensaHItem Include="include\typedef.h">
      <Filter>Header Files</Filter>
    </XtensaHItem>
    <XtensaHItem Include="include\mqtt.h">
      <Filter>Header Files</Filter>
    </XtensaHItem>
    <XtensaHItem Include="include\mqtt_msg.h">
      <Filter>Header Files</Filter>
    </XtensaHItem>
    <XtensaHItem Include="include\proto.h">
      <Filter>Header Files</Filter>
    </XtensaHItem>
    <XtensaHItem Include="include\queue.h">
      <Filter>Header Files</Filter>
    </XtensaHItem>
    <XtensaHItem Include="include\ringbuf.h">
      <Filter>Header Files</Filter>
    </XtensaHItem>
    <XtensaHItem Include="include\utils.h">
      <Filter>Header Files</Filter>
    </XtensaHItem>
  </ItemGroup>
  <ItemGroup>
    <XtensaCppItem Include="user\user_main.c">
      <Filter>Source Files</Filter>
    </XtensaCppItem>
    <XtensaCppItem Include="user\calculator.c">
      <Filter>Source Files</Filter>
    </XtensaCppItem>
    <XtensaCppItem Include="user\cJSON.c">
      <Filter>Source Files</Filter>
    </XtensaCppItem>
    <XtensaCppItem Include="user\configuration.c">
      <Filter>Source Files</Filter>
    </XtensaCppItem>
    <XtensaCppItem Include="user\httpclient.c">
      <Filter>Source Files</Filter>
    </XtensaCppItem>
    <XtensaCppItem Include="user\io.c">
      <Filter>Source Files</Filter>
    </XtensaCppItem>
    <XtensaCppItem Include="user\log.c">
      <Filter>Source Files</Filter>
    </XtensaCppItem>
    <XtensaCppItem Include="user\posting.c">
      <Filter>Source Files</Filter>
    </XtensaCppItem>
    <XtensaCppItem Include="user\powermanagement.c">
      <Filter>Source Files</Filter>
    </XtensaCppItem>
    <XtensaCppItem Include="user\stdout.c">
      <Filter>Source Files</Filter>
    </XtensaCppItem>
    <XtensaCppItem Include="user\ultrasonicmeter.c">
      <Filter>Source Files</Filter>
    </XtensaCppItem>
    <XtensaCppItem Include="user\mqtt.c">
      <Filter>Source Files</Filter>
    </XtensaCppItem>
    <XtensaCppItem Include="user\mqtt_msg.c">
      <Filter>Source Files</Filter>
    </XtensaCppItem>
    <XtensaCppItem Include="user\proto.c">
      <Filter>Source Files</Filter>
    </XtensaCppItem>
    <XtensaCppItem Include="user\queue.c">
      <Filter>Source Files</Filter>
    </XtensaCppItem>
    <XtensaCppItem Include="user\ringbuf.c">
      <Filter>Source Files</Filter>
    </XtensaCppItem>
    <XtensaCppItem Include="user\utils.c">
      <Filter>Source Files</Filter>
    </XtensaCppItem>
  </ItemGroup>
</Project>